
Microsoft Visual Studio Solution File, Format Version 12.00
# Visual Studio Version 16
VisualStudioVersion = 16.0.33529.622
MinimumVisualStudioVersion = 10.0.40219.1
Project("{FAE04EC0-301F-11D3-BF4B-00C04F79EFBC}") = "JokesWebApp", "JokesWebApp.csproj", "{423F98FA-FBE4-4F48-BEB6-B62D97C6CC90}"
EndProject
Global
	GlobalSection(SolutionConfigurationPlatforms) = preSolution
		Debug|Any CPU = Debug|Any CPU
		Release|Any CPU = Release|Any CPU
	EndGlobalSection
	GlobalSection(ProjectConfigurationPlatforms) = postSolution
		{423F98FA-FBE4-4F48-BEB6-B62D97C6CC90}.Debug|Any CPU.ActiveCfg = Debug|Any CPU
		{423F98FA-FBE4-4F48-BEB6-B62D97C6CC90}.Debug|Any CPU.Build.0 = Debug|Any CPU
		{423F98FA-FBE4-4F48-BEB6-B62D97C6CC90}.Release|Any CPU.ActiveCfg = Release|Any CPU
		{423F98FA-FBE4-4F48-BEB6-B62D97C6CC90}.Release|Any CPU.Build.0 = Release|Any CPU
	EndGlobalSection
	GlobalSection(SolutionProperties) = preSolution
		HideSolutionNode = FALSE
	EndGlobalSection
	GlobalSection(ExtensibilityGlobals) = postSolution
		SolutionGuid = {D9186503-6D1F-4566-96C9-A6107C1EF6AB}
	EndGlobalSection
EndGlobal
